
Microsoft Visual Studio Solution File, Format Version 12.00
# Visual Studio Version 16
VisualStudioVersion = 16.0.31410.357
MinimumVisualStudioVersion = 10.0.40219.1
Project("{8BC9CEB8-8B4A-11D0-8D11-00A0C91BC942}") = "SystemGap", "SystemGap\SystemGap.vcxproj", "{0037158D-FB49-4898-A566-FE83B9AAFA52}"
EndProject
Project("{8BC9CEB8-8B4A-11D0-8D11-00A0C91BC942}") = "SystemGapClient", "SystemGapClient\SystemGapClient.vcxproj", "{ACD5D1E3-9160-4CCE-9523-A40654D21006}"
EndProject
Project("{8BC9CEB8-8B4A-11D0-8D11-00A0C91BC942}") = "SystemGapDll", "SystemGapDll\SystemGapDll.vcxproj", "{0B94021D-21BA-4E54-AF1F-C5C6B02A9740}"
EndProject
Project("{8BC9CEB8-8B4A-11D0-8D11-00A0C91BC942}") = "SystemGapCOM", "SystemGapCOM\SystemGapCOM.vcxproj", "{B3240DD8-C7B3-4857-9FBD-6EBF500F68AD}"
EndProject
Project("{8BC9CEB8-8B4A-11D0-8D11-00A0C91BC942}") = "SystemGapCOMPS", "SystemGapCOMPS\SystemGapCOMPS.vcxproj", "{CC0C0B2A-96C9-4C0E-8561-7255E55AEB1F}"
	ProjectSection(ProjectDependencies) = postProject
		{B3240DD8-C7B3-4857-9FBD-6EBF500F68AD} = {B3240DD8-C7B3-4857-9FBD-6EBF500F68AD}
	EndProjectSection
EndProject
Project("{8BC9CEB8-8B4A-11D0-8D11-00A0C91BC942}") = "SystemGapCOMCall", "SystemGapCOMCall\SystemGapCOMCall.vcxproj", "{5E372731-AF4D-41C3-BDFB-C50DF0453C9C}"
EndProject
Global
	GlobalSection(SolutionConfigurationPlatforms) = preSolution
		Debug|x64 = Debug|x64
		Debug|x86 = Debug|x86
		Release|x64 = Release|x64
		Release|x86 = Release|x86
	EndGlobalSection
	GlobalSection(ProjectConfigurationPlatforms) = postSolution
		{0037158D-FB49-4898-A566-FE83B9AAFA52}.Debug|x64.ActiveCfg = Debug|x64
		{0037158D-FB49-4898-A566-FE83B9AAFA52}.Debug|x64.Build.0 = Debug|x64
		{0037158D-FB49-4898-A566-FE83B9AAFA52}.Debug|x86.ActiveCfg = Debug|Win32
		{0037158D-FB49-4898-A566-FE83B9AAFA52}.Debug|x86.Build.0 = Debug|Win32
		{0037158D-FB49-4898-A566-FE83B9AAFA52}.Release|x64.ActiveCfg = Release|x64
		{0037158D-FB49-4898-A566-FE83B9AAFA52}.Release|x64.Build.0 = Release|x64
		{0037158D-FB49-4898-A566-FE83B9AAFA52}.Release|x86.ActiveCfg = Release|Win32
		{0037158D-FB49-4898-A566-FE83B9AAFA52}.Release|x86.Build.0 = Release|Win32
		{ACD5D1E3-9160-4CCE-9523-A40654D21006}.Debug|x64.ActiveCfg = Debug|x64
		{ACD5D1E3-9160-4CCE-9523-A40654D21006}.Debug|x64.Build.0 = Debug|x64
		{ACD5D1E3-9160-4CCE-9523-A40654D21006}.Debug|x86.ActiveCfg = Debug|Win32
		{ACD5D1E3-9160-4CCE-9523-A40654D21006}.Debug|x86.Build.0 = Debug|Win32
		{ACD5D1E3-9160-4CCE-9523-A40654D21006}.Release|x64.ActiveCfg = Release|x64
		{ACD5D1E3-9160-4CCE-9523-A40654D21006}.Release|x64.Build.0 = Release|x64
		{ACD5D1E3-9160-4CCE-9523-A40654D21006}.Release|x86.ActiveCfg = Release|Win32
		{ACD5D1E3-9160-4CCE-9523-A40654D21006}.Release|x86.Build.0 = Release|Win32
		{0B94021D-21BA-4E54-AF1F-C5C6B02A9740}.Debug|x64.ActiveCfg = Debug|x64
		{0B94021D-21BA-4E54-AF1F-C5C6B02A9740}.Debug|x64.Build.0 = Debug|x64
		{0B94021D-21BA-4E54-AF1F-C5C6B02A9740}.Debug|x86.ActiveCfg = Debug|Win32
		{0B94021D-21BA-4E54-AF1F-C5C6B02A9740}.Debug|x86.Build.0 = Debug|Win32
		{0B94021D-21BA-4E54-AF1F-C5C6B02A9740}.Release|x64.ActiveCfg = Release|x64
		{0B94021D-21BA-4E54-AF1F-C5C6B02A9740}.Release|x64.Build.0 = Release|x64
		{0B94021D-21BA-4E54-AF1F-C5C6B02A9740}.Release|x86.ActiveCfg = Release|Win32
		{0B94021D-21BA-4E54-AF1F-C5C6B02A9740}.Release|x86.Build.0 = Release|Win32
		{B3240DD8-C7B3-4857-9FBD-6EBF500F68AD}.Debug|x64.ActiveCfg = Debug|x64
		{B3240DD8-C7B3-4857-9FBD-6EBF500F68AD}.Debug|x64.Build.0 = Debug|x64
		{B3240DD8-C7B3-4857-9FBD-6EBF500F68AD}.Debug|x86.ActiveCfg = Debug|Win32
		{B3240DD8-C7B3-4857-9FBD-6EBF500F68AD}.Debug|x86.Build.0 = Debug|Win32
		{B3240DD8-C7B3-4857-9FBD-6EBF500F68AD}.Release|x64.ActiveCfg = Release|x64
		{B3240DD8-C7B3-4857-9FBD-6EBF500F68AD}.Release|x64.Build.0 = Release|x64
		{B3240DD8-C7B3-4857-9FBD-6EBF500F68AD}.Release|x86.ActiveCfg = Release|Win32
		{B3240DD8-C7B3-4857-9FBD-6EBF500F68AD}.Release|x86.Build.0 = Release|Win32
		{CC0C0B2A-96C9-4C0E-8561-7255E55AEB1F}.Debug|x64.ActiveCfg = Debug|x64
		{CC0C0B2A-96C9-4C0E-8561-7255E55AEB1F}.Debug|x86.ActiveCfg = Debug|Win32
		{CC0C0B2A-96C9-4C0E-8561-7255E55AEB1F}.Release|x64.ActiveCfg = Release|x64
		{CC0C0B2A-96C9-4C0E-8561-7255E55AEB1F}.Release|x86.ActiveCfg = Release|Win32
		{5E372731-AF4D-41C3-BDFB-C50DF0453C9C}.Debug|x64.ActiveCfg = Debug|x64
		{5E372731-AF4D-41C3-BDFB-C50DF0453C9C}.Debug|x64.Build.0 = Debug|x64
		{5E372731-AF4D-41C3-BDFB-C50DF0453C9C}.Debug|x86.ActiveCfg = Debug|Win32
		{5E372731-AF4D-41C3-BDFB-C50DF0453C9C}.Debug|x86.Build.0 = Debug|Win32
		{5E372731-AF4D-41C3-BDFB-C50DF0453C9C}.Release|x64.ActiveCfg = Release|x64
		{5E372731-AF4D-41C3-BDFB-C50DF0453C9C}.Release|x64.Build.0 = Release|x64
		{5E372731-AF4D-41C3-BDFB-C50DF0453C9C}.Release|x86.ActiveCfg = Release|Win32
		{5E372731-AF4D-41C3-BDFB-C50DF0453C9C}.Release|x86.Build.0 = Release|Win32
	EndGlobalSection
	GlobalSection(SolutionProperties) = preSolution
		HideSolutionNode = FALSE
	EndGlobalSection
	GlobalSection(ExtensibilityGlobals) = postSolution
		SolutionGuid = {C945B64A-1641-434A-AE48-A635C66ECB54}
	EndGlobalSection
EndGlobal
